
Microsoft Visual Studio Solution File, Format Version 12.00
# Visual Studio 14
VisualStudioVersion = 14.0.24720.0
MinimumVisualStudioVersion = 10.0.40219.1
Project("{FAE04EC0-301F-11D3-BF4B-00C04F79EFBC}") = "[Interfaces] EnvironmentInterfaces", "EnvironmentInterfaces\[Interfaces] EnvironmentInterfaces.csproj", "{91658B4F-1804-4F13-AEDD-C11C23F022DC}"
EndProject
Project("{FAE04EC0-301F-11D3-BF4B-00C04F79EFBC}") = "[MVP - DAL] DemoLoader", "DemoLoader\[MVP - DAL] DemoLoader.csproj", "{AA0EAD13-7840-485A-954C-3181C190BCFF}"
EndProject
Project("{FAE04EC0-301F-11D3-BF4B-00C04F79EFBC}") = "[Factory] BinaryStreamFactory", "BinaryStreamFactory\[Factory] BinaryStreamFactory.csproj", "{4900F3DE-B986-4439-B728-6B25F1B9F102}"
EndProject
Project("{FAE04EC0-301F-11D3-BF4B-00C04F79EFBC}") = "[Realization] FileBinaryStream", "FileBinaryStream\[Realization] FileBinaryStream.csproj", "{84D49BA9-A2C6-4588-BDA7-A185E095EEF7}"
EndProject
Project("{FAE04EC0-301F-11D3-BF4B-00C04F79EFBC}") = "[_EXE_] Starter", "Starter\[_EXE_] Starter.csproj", "{44EAAB0A-5322-40D4-8AAB-81832A47FE95}"
EndProject
Project("{FAE04EC0-301F-11D3-BF4B-00C04F79EFBC}") = "[MVP - View] Timeline", "Timeline\[MVP - View] Timeline.csproj", "{D3B3454F-7D7B-4F49-8E7A-7860DEC52E35}"
EndProject
Project("{FAE04EC0-301F-11D3-BF4B-00C04F79EFBC}") = "[Interfaces - View] View", "View\[Interfaces - View] View.csproj", "{5B0A4FC2-16B9-47E2-93C1-4980BE7BD84D}"
EndProject
Project("{FAE04EC0-301F-11D3-BF4B-00C04F79EFBC}") = "[MVP - Presenter] DemoEditCore", "DemoEditCore\[MVP - Presenter] DemoEditCore.csproj", "{76202F8D-3507-4B65-BCBF-CD620096902E}"
EndProject
Project("{FAE04EC0-301F-11D3-BF4B-00C04F79EFBC}") = "[MVP - View] MainControl - SDT", "MainControl\[MVP - View] MainControl - SDT.csproj", "{A5B748DF-9858-44B9-BE00-0B7F3786E3D1}"
EndProject
Project("{FAE04EC0-301F-11D3-BF4B-00C04F79EFBC}") = "[MVP - View] DemoTree", "DemoTree\[MVP - View] DemoTree.csproj", "{8B049EC6-0ABD-4F2B-A1E8-46AE403D1598}"
EndProject
Project("{FAE04EC0-301F-11D3-BF4B-00C04F79EFBC}") = "[MVP - Presenter] DemoTreePresenter", "DemoTreePresenter\[MVP - Presenter] DemoTreePresenter.csproj", "{351722D3-A250-45DA-92A7-6E33617C01FD}"
EndProject
Project("{FAE04EC0-301F-11D3-BF4B-00C04F79EFBC}") = "[Interfaces - Presenter] Presentation", "Presentation\[Interfaces - Presenter] Presentation.csproj", "{8D5D27A4-FD75-4FE8-9576-C2EC8635933E}"
EndProject
Project("{FAE04EC0-301F-11D3-BF4B-00C04F79EFBC}") = "[MVP - View] DescriptionControl", "DescriptionControl\[MVP - View] DescriptionControl.csproj", "{4F8452E3-D4E7-4542-8384-34BBC13DB871}"
EndProject
Project("{FAE04EC0-301F-11D3-BF4B-00C04F79EFBC}") = "[MVP - Presenter] DemoTimelinePresenter", "DemoTimelinePresenter\[MVP - Presenter] DemoTimelinePresenter.csproj", "{556AEF84-FECE-4B55-BBD3-1FE2100EE2F1}"
EndProject
Project("{FAE04EC0-301F-11D3-BF4B-00C04F79EFBC}") = "[MVP - Presenter] DemoDescriptionPresenter", "DemoDescriptionPresenter\[MVP - Presenter] DemoDescriptionPresenter.csproj", "{295AA451-1994-4479-A4C0-05FC7B3E82CE}"
EndProject
Project("{FAE04EC0-301F-11D3-BF4B-00C04F79EFBC}") = "[External - UI WinForms] Aga_Controls", "..\Libs_and_Extensions\Aga_Controls\[External - UI WinForms] Aga_Controls.csproj", "{E73BB233-D88B-44A7-A98F-D71EE158381D}"
EndProject
Project("{2150E333-8FDC-42A3-9474-1A3956D46DE8}") = "Presenter", "Presenter", "{971BA129-9BF0-43A2-8E57-1DE6EAFAE653}"
EndProject
Project("{2150E333-8FDC-42A3-9474-1A3956D46DE8}") = "Interfaces", "Interfaces", "{A346CD36-7A2F-4650-B2D9-08172744F4A5}"
EndProject
Project("{2150E333-8FDC-42A3-9474-1A3956D46DE8}") = "View", "View", "{C1B3E441-1B7F-4322-8BFA-412BD6FD451E}"
EndProject
Project("{2150E333-8FDC-42A3-9474-1A3956D46DE8}") = "External", "External", "{14E0B3D3-5412-4507-8236-AF95D411D3BF}"
EndProject
Project("{2150E333-8FDC-42A3-9474-1A3956D46DE8}") = "Realization", "Realization", "{16F7C507-50DF-4292-8869-06B2EA04E4BE}"
EndProject
Project("{FAE04EC0-301F-11D3-BF4B-00C04F79EFBC}") = "DemoModel", "DemoModel\DemoModel.csproj", "{51653610-0611-4EA9-9B9C-9CCDE6A775C4}"
EndProject
Project("{FAE04EC0-301F-11D3-BF4B-00C04F79EFBC}") = "ConsoleCommandLayer", "BasicDemoLayerEditors\ConsoleCommandLayer.csproj", "{ADB63D5B-5E79-44B9-977F-55A93C79F4C6}"
EndProject
Project("{2150E333-8FDC-42A3-9474-1A3956D46DE8}") = "[Model] Universal Demo Abstraction", "[Model] Universal Demo Abstraction", "{26AD3B77-E1DA-40BE-AE28-F3CA21D59203}"
EndProject
Project("{2150E333-8FDC-42A3-9474-1A3956D46DE8}") = "LayerTypes", "LayerTypes", "{49F41838-CE25-423A-B40F-D1E053E3A71D}"
EndProject
Project("{FAE04EC0-301F-11D3-BF4B-00C04F79EFBC}") = "CameraLayer", "CameraLayer\CameraLayer.csproj", "{A590DD8A-7E1D-4E9B-BE13-979476EEB39E}"
EndProject
Project("{FAE04EC0-301F-11D3-BF4B-00C04F79EFBC}") = "Renderer", "..\Libs_and_Extensions\3D_Renderer\Renderer\Renderer.csproj", "{E8F5A26A-A93F-41D7-ABE3-A7E0BBF9466A}"
EndProject
Global
	GlobalSection(SolutionConfigurationPlatforms) = preSolution
		Debug|Any CPU = Debug|Any CPU
		Debug|x64 = Debug|x64
		Debug|x86 = Debug|x86
		Release|Any CPU = Release|Any CPU
		Release|x64 = Release|x64
		Release|x86 = Release|x86
	EndGlobalSection
	GlobalSection(ProjectConfigurationPlatforms) = postSolution
		{91658B4F-1804-4F13-AEDD-C11C23F022DC}.Debug|Any CPU.ActiveCfg = Debug|Any CPU
		{91658B4F-1804-4F13-AEDD-C11C23F022DC}.Debug|Any CPU.Build.0 = Debug|Any CPU
		{91658B4F-1804-4F13-AEDD-C11C23F022DC}.Debug|x64.ActiveCfg = Debug|Any CPU
		{91658B4F-1804-4F13-AEDD-C11C23F022DC}.Debug|x64.Build.0 = Debug|Any CPU
		{91658B4F-1804-4F13-AEDD-C11C23F022DC}.Debug|x86.ActiveCfg = Debug|x86
		{91658B4F-1804-4F13-AEDD-C11C23F022DC}.Debug|x86.Build.0 = Debug|x86
		{91658B4F-1804-4F13-AEDD-C11C23F022DC}.Release|Any CPU.ActiveCfg = Release|Any CPU
		{91658B4F-1804-4F13-AEDD-C11C23F022DC}.Release|Any CPU.Build.0 = Release|Any CPU
		{91658B4F-1804-4F13-AEDD-C11C23F022DC}.Release|x64.ActiveCfg = Release|Any CPU
		{91658B4F-1804-4F13-AEDD-C11C23F022DC}.Release|x64.Build.0 = Release|Any CPU
		{91658B4F-1804-4F13-AEDD-C11C23F022DC}.Release|x86.ActiveCfg = Release|Any CPU
		{91658B4F-1804-4F13-AEDD-C11C23F022DC}.Release|x86.Build.0 = Release|Any CPU
		{AA0EAD13-7840-485A-954C-3181C190BCFF}.Debug|Any CPU.ActiveCfg = Debug|Any CPU
		{AA0EAD13-7840-485A-954C-3181C190BCFF}.Debug|Any CPU.Build.0 = Debug|Any CPU
		{AA0EAD13-7840-485A-954C-3181C190BCFF}.Debug|x64.ActiveCfg = Debug|Any CPU
		{AA0EAD13-7840-485A-954C-3181C190BCFF}.Debug|x64.Build.0 = Debug|Any CPU
		{AA0EAD13-7840-485A-954C-3181C190BCFF}.Debug|x86.ActiveCfg = Debug|Any CPU
		{AA0EAD13-7840-485A-954C-3181C190BCFF}.Debug|x86.Build.0 = Debug|Any CPU
		{AA0EAD13-7840-485A-954C-3181C190BCFF}.Release|Any CPU.ActiveCfg = Release|Any CPU
		{AA0EAD13-7840-485A-954C-3181C190BCFF}.Release|Any CPU.Build.0 = Release|Any CPU
		{AA0EAD13-7840-485A-954C-3181C190BCFF}.Release|x64.ActiveCfg = Release|Any CPU
		{AA0EAD13-7840-485A-954C-3181C190BCFF}.Release|x64.Build.0 = Release|Any CPU
		{AA0EAD13-7840-485A-954C-3181C190BCFF}.Release|x86.ActiveCfg = Release|Any CPU
		{AA0EAD13-7840-485A-954C-3181C190BCFF}.Release|x86.Build.0 = Release|Any CPU
		{4900F3DE-B986-4439-B728-6B25F1B9F102}.Debug|Any CPU.ActiveCfg = Debug|Any CPU
		{4900F3DE-B986-4439-B728-6B25F1B9F102}.Debug|Any CPU.Build.0 = Debug|Any CPU
		{4900F3DE-B986-4439-B728-6B25F1B9F102}.Debug|x64.ActiveCfg = Debug|Any CPU
		{4900F3DE-B986-4439-B728-6B25F1B9F102}.Debug|x64.Build.0 = Debug|Any CPU
		{4900F3DE-B986-4439-B728-6B25F1B9F102}.Debug|x86.ActiveCfg = Debug|Any CPU
		{4900F3DE-B986-4439-B728-6B25F1B9F102}.Debug|x86.Build.0 = Debug|Any CPU
		{4900F3DE-B986-4439-B728-6B25F1B9F102}.Release|Any CPU.ActiveCfg = Release|Any CPU
		{4900F3DE-B986-4439-B728-6B25F1B9F102}.Release|Any CPU.Build.0 = Release|Any CPU
		{4900F3DE-B986-4439-B728-6B25F1B9F102}.Release|x64.ActiveCfg = Release|Any CPU
		{4900F3DE-B986-4439-B728-6B25F1B9F102}.Release|x64.Build.0 = Release|Any CPU
		{4900F3DE-B986-4439-B728-6B25F1B9F102}.Release|x86.ActiveCfg = Release|Any CPU
		{4900F3DE-B986-4439-B728-6B25F1B9F102}.Release|x86.Build.0 = Release|Any CPU
		{84D49BA9-A2C6-4588-BDA7-A185E095EEF7}.Debug|Any CPU.ActiveCfg = Debug|Any CPU
		{84D49BA9-A2C6-4588-BDA7-A185E095EEF7}.Debug|Any CPU.Build.0 = Debug|Any CPU
		{84D49BA9-A2C6-4588-BDA7-A185E095EEF7}.Debug|x64.ActiveCfg = Debug|Any CPU
		{84D49BA9-A2C6-4588-BDA7-A185E095EEF7}.Debug|x64.Build.0 = Debug|Any CPU
		{84D49BA9-A2C6-4588-BDA7-A185E095EEF7}.Debug|x86.ActiveCfg = Debug|Any CPU
		{84D49BA9-A2C6-4588-BDA7-A185E095EEF7}.Debug|x86.Build.0 = Debug|Any CPU
		{84D49BA9-A2C6-4588-BDA7-A185E095EEF7}.Release|Any CPU.ActiveCfg = Release|Any CPU
		{84D49BA9-A2C6-4588-BDA7-A185E095EEF7}.Release|Any CPU.Build.0 = Release|Any CPU
		{84D49BA9-A2C6-4588-BDA7-A185E095EEF7}.Release|x64.ActiveCfg = Release|Any CPU
		{84D49BA9-A2C6-4588-BDA7-A185E095EEF7}.Release|x64.Build.0 = Release|Any CPU
		{84D49BA9-A2C6-4588-BDA7-A185E095EEF7}.Release|x86.ActiveCfg = Release|Any CPU
		{84D49BA9-A2C6-4588-BDA7-A185E095EEF7}.Release|x86.Build.0 = Release|Any CPU
		{44EAAB0A-5322-40D4-8AAB-81832A47FE95}.Debug|Any CPU.ActiveCfg = Debug|Any CPU
		{44EAAB0A-5322-40D4-8AAB-81832A47FE95}.Debug|Any CPU.Build.0 = Debug|Any CPU
		{44EAAB0A-5322-40D4-8AAB-81832A47FE95}.Debug|x64.ActiveCfg = Debug|Any CPU
		{44EAAB0A-5322-40D4-8AAB-81832A47FE95}.Debug|x64.Build.0 = Debug|Any CPU
		{44EAAB0A-5322-40D4-8AAB-81832A47FE95}.Debug|x86.ActiveCfg = Debug|Any CPU
		{44EAAB0A-5322-40D4-8AAB-81832A47FE95}.Debug|x86.Build.0 = Debug|Any CPU
		{44EAAB0A-5322-40D4-8AAB-81832A47FE95}.Release|Any CPU.ActiveCfg = Release|Any CPU
		{44EAAB0A-5322-40D4-8AAB-81832A47FE95}.Release|Any CPU.Build.0 = Release|Any CPU
		{44EAAB0A-5322-40D4-8AAB-81832A47FE95}.Release|x64.ActiveCfg = Release|Any CPU
		{44EAAB0A-5322-40D4-8AAB-81832A47FE95}.Release|x64.Build.0 = Release|Any CPU
		{44EAAB0A-5322-40D4-8AAB-81832A47FE95}.Release|x86.ActiveCfg = Release|Any CPU
		{44EAAB0A-5322-40D4-8AAB-81832A47FE95}.Release|x86.Build.0 = Release|Any CPU
		{D3B3454F-7D7B-4F49-8E7A-7860DEC52E35}.Debug|Any CPU.ActiveCfg = Debug|Any CPU
		{D3B3454F-7D7B-4F49-8E7A-7860DEC52E35}.Debug|Any CPU.Build.0 = Debug|Any CPU
		{D3B3454F-7D7B-4F49-8E7A-7860DEC52E35}.Debug|x64.ActiveCfg = Debug|Any CPU
		{D3B3454F-7D7B-4F49-8E7A-7860DEC52E35}.Debug|x64.Build.0 = Debug|Any CPU
		{D3B3454F-7D7B-4F49-8E7A-7860DEC52E35}.Debug|x86.ActiveCfg = Debug|Any CPU
		{D3B3454F-7D7B-4F49-8E7A-7860DEC52E35}.Debug|x86.Build.0 = Debug|Any CPU
		{D3B3454F-7D7B-4F49-8E7A-7860DEC52E35}.Release|Any CPU.ActiveCfg = Release|Any CPU
		{D3B3454F-7D7B-4F49-8E7A-7860DEC52E35}.Release|Any CPU.Build.0 = Release|Any CPU
		{D3B3454F-7D7B-4F49-8E7A-7860DEC52E35}.Release|x64.ActiveCfg = Release|Any CPU
		{D3B3454F-7D7B-4F49-8E7A-7860DEC52E35}.Release|x64.Build.0 = Release|Any CPU
		{D3B3454F-7D7B-4F49-8E7A-7860DEC52E35}.Release|x86.ActiveCfg = Release|Any CPU
		{D3B3454F-7D7B-4F49-8E7A-7860DEC52E35}.Release|x86.Build.0 = Release|Any CPU
		{5B0A4FC2-16B9-47E2-93C1-4980BE7BD84D}.Debug|Any CPU.ActiveCfg = Debug|Any CPU
		{5B0A4FC2-16B9-47E2-93C1-4980BE7BD84D}.Debug|Any CPU.Build.0 = Debug|Any CPU
		{5B0A4FC2-16B9-47E2-93C1-4980BE7BD84D}.Debug|x64.ActiveCfg = Debug|Any CPU
		{5B0A4FC2-16B9-47E2-93C1-4980BE7BD84D}.Debug|x64.Build.0 = Debug|Any CPU
		{5B0A4FC2-16B9-47E2-93C1-4980BE7BD84D}.Debug|x86.ActiveCfg = Debug|Any CPU
		{5B0A4FC2-16B9-47E2-93C1-4980BE7BD84D}.Debug|x86.Build.0 = Debug|Any CPU
		{5B0A4FC2-16B9-47E2-93C1-4980BE7BD84D}.Release|Any CPU.ActiveCfg = Release|Any CPU
		{5B0A4FC2-16B9-47E2-93C1-4980BE7BD84D}.Release|Any CPU.Build.0 = Release|Any CPU
		{5B0A4FC2-16B9-47E2-93C1-4980BE7BD84D}.Release|x64.ActiveCfg = Release|Any CPU
		{5B0A4FC2-16B9-47E2-93C1-4980BE7BD84D}.Release|x64.Build.0 = Release|Any CPU
		{5B0A4FC2-16B9-47E2-93C1-4980BE7BD84D}.Release|x86.ActiveCfg = Release|Any CPU
		{5B0A4FC2-16B9-47E2-93C1-4980BE7BD84D}.Release|x86.Build.0 = Release|Any CPU
		{76202F8D-3507-4B65-BCBF-CD620096902E}.Debug|Any CPU.ActiveCfg = Debug|Any CPU
		{76202F8D-3507-4B65-BCBF-CD620096902E}.Debug|Any CPU.Build.0 = Debug|Any CPU
		{76202F8D-3507-4B65-BCBF-CD620096902E}.Debug|x64.ActiveCfg = Debug|Any CPU
		{76202F8D-3507-4B65-BCBF-CD620096902E}.Debug|x64.Build.0 = Debug|Any CPU
		{76202F8D-3507-4B65-BCBF-CD620096902E}.Debug|x86.ActiveCfg = Debug|Any CPU
		{76202F8D-3507-4B65-BCBF-CD620096902E}.Debug|x86.Build.0 = Debug|Any CPU
		{76202F8D-3507-4B65-BCBF-CD620096902E}.Release|Any CPU.ActiveCfg = Release|Any CPU
		{76202F8D-3507-4B65-BCBF-CD620096902E}.Release|Any CPU.Build.0 = Release|Any CPU
		{76202F8D-3507-4B65-BCBF-CD620096902E}.Release|x64.ActiveCfg = Release|Any CPU
		{76202F8D-3507-4B65-BCBF-CD620096902E}.Release|x64.Build.0 = Release|Any CPU
		{76202F8D-3507-4B65-BCBF-CD620096902E}.Release|x86.ActiveCfg = Release|Any CPU
		{76202F8D-3507-4B65-BCBF-CD620096902E}.Release|x86.Build.0 = Release|Any CPU
		{A5B748DF-9858-44B9-BE00-0B7F3786E3D1}.Debug|Any CPU.ActiveCfg = Debug|Any CPU
		{A5B748DF-9858-44B9-BE00-0B7F3786E3D1}.Debug|Any CPU.Build.0 = Debug|Any CPU
		{A5B748DF-9858-44B9-BE00-0B7F3786E3D1}.Debug|x64.ActiveCfg = Debug|Any CPU
		{A5B748DF-9858-44B9-BE00-0B7F3786E3D1}.Debug|x64.Build.0 = Debug|Any CPU
		{A5B748DF-9858-44B9-BE00-0B7F3786E3D1}.Debug|x86.ActiveCfg = Debug|Any CPU
		{A5B748DF-9858-44B9-BE00-0B7F3786E3D1}.Debug|x86.Build.0 = Debug|Any CPU
		{A5B748DF-9858-44B9-BE00-0B7F3786E3D1}.Release|Any CPU.ActiveCfg = Release|Any CPU
		{A5B748DF-9858-44B9-BE00-0B7F3786E3D1}.Release|Any CPU.Build.0 = Release|Any CPU
		{A5B748DF-9858-44B9-BE00-0B7F3786E3D1}.Release|x64.ActiveCfg = Release|Any CPU
		{A5B748DF-9858-44B9-BE00-0B7F3786E3D1}.Release|x64.Build.0 = Release|Any CPU
		{A5B748DF-9858-44B9-BE00-0B7F3786E3D1}.Release|x86.ActiveCfg = Release|Any CPU
		{A5B748DF-9858-44B9-BE00-0B7F3786E3D1}.Release|x86.Build.0 = Release|Any CPU
		{8B049EC6-0ABD-4F2B-A1E8-46AE403D1598}.Debug|Any CPU.ActiveCfg = Debug|Any CPU
		{8B049EC6-0ABD-4F2B-A1E8-46AE403D1598}.Debug|Any CPU.Build.0 = Debug|Any CPU
		{8B049EC6-0ABD-4F2B-A1E8-46AE403D1598}.Debug|x64.ActiveCfg = Debug|Any CPU
		{8B049EC6-0ABD-4F2B-A1E8-46AE403D1598}.Debug|x64.Build.0 = Debug|Any CPU
		{8B049EC6-0ABD-4F2B-A1E8-46AE403D1598}.Debug|x86.ActiveCfg = Debug|Any CPU
		{8B049EC6-0ABD-4F2B-A1E8-46AE403D1598}.Debug|x86.Build.0 = Debug|Any CPU
		{8B049EC6-0ABD-4F2B-A1E8-46AE403D1598}.Release|Any CPU.ActiveCfg = Release|Any CPU
		{8B049EC6-0ABD-4F2B-A1E8-46AE403D1598}.Release|Any CPU.Build.0 = Release|Any CPU
		{8B049EC6-0ABD-4F2B-A1E8-46AE403D1598}.Release|x64.ActiveCfg = Release|Any CPU
		{8B049EC6-0ABD-4F2B-A1E8-46AE403D1598}.Release|x64.Build.0 = Release|Any CPU
		{8B049EC6-0ABD-4F2B-A1E8-46AE403D1598}.Release|x86.ActiveCfg = Release|Any CPU
		{8B049EC6-0ABD-4F2B-A1E8-46AE403D1598}.Release|x86.Build.0 = Release|Any CPU
		{351722D3-A250-45DA-92A7-6E33617C01FD}.Debug|Any CPU.ActiveCfg = Debug|Any CPU
		{351722D3-A250-45DA-92A7-6E33617C01FD}.Debug|Any CPU.Build.0 = Debug|Any CPU
		{351722D3-A250-45DA-92A7-6E33617C01FD}.Debug|x64.ActiveCfg = Debug|Any CPU
		{351722D3-A250-45DA-92A7-6E33617C01FD}.Debug|x64.Build.0 = Debug|Any CPU
		{351722D3-A250-45DA-92A7-6E33617C01FD}.Debug|x86.ActiveCfg = Debug|Any CPU
		{351722D3-A250-45DA-92A7-6E33617C01FD}.Debug|x86.Build.0 = Debug|Any CPU
		{351722D3-A250-45DA-92A7-6E33617C01FD}.Release|Any CPU.ActiveCfg = Release|Any CPU
		{351722D3-A250-45DA-92A7-6E33617C01FD}.Release|Any CPU.Build.0 = Release|Any CPU
		{351722D3-A250-45DA-92A7-6E33617C01FD}.Release|x64.ActiveCfg = Release|Any CPU
		{351722D3-A250-45DA-92A7-6E33617C01FD}.Release|x64.Build.0 = Release|Any CPU
		{351722D3-A250-45DA-92A7-6E33617C01FD}.Release|x86.ActiveCfg = Release|Any CPU
		{351722D3-A250-45DA-92A7-6E33617C01FD}.Release|x86.Build.0 = Release|Any CPU
		{8D5D27A4-FD75-4FE8-9576-C2EC8635933E}.Debug|Any CPU.ActiveCfg = Debug|Any CPU
		{8D5D27A4-FD75-4FE8-9576-C2EC8635933E}.Debug|Any CPU.Build.0 = Debug|Any CPU
		{8D5D27A4-FD75-4FE8-9576-C2EC8635933E}.Debug|x64.ActiveCfg = Debug|Any CPU
		{8D5D27A4-FD75-4FE8-9576-C2EC8635933E}.Debug|x64.Build.0 = Debug|Any CPU
		{8D5D27A4-FD75-4FE8-9576-C2EC8635933E}.Debug|x86.ActiveCfg = Debug|Any CPU
		{8D5D27A4-FD75-4FE8-9576-C2EC8635933E}.Debug|x86.Build.0 = Debug|Any CPU
		{8D5D27A4-FD75-4FE8-9576-C2EC8635933E}.Release|Any CPU.ActiveCfg = Release|Any CPU
		{8D5D27A4-FD75-4FE8-9576-C2EC8635933E}.Release|Any CPU.Build.0 = Release|Any CPU
		{8D5D27A4-FD75-4FE8-9576-C2EC8635933E}.Release|x64.ActiveCfg = Release|Any CPU
		{8D5D27A4-FD75-4FE8-9576-C2EC8635933E}.Release|x64.Build.0 = Release|Any CPU
		{8D5D27A4-FD75-4FE8-9576-C2EC8635933E}.Release|x86.ActiveCfg = Release|Any CPU
		{8D5D27A4-FD75-4FE8-9576-C2EC8635933E}.Release|x86.Build.0 = Release|Any CPU
		{4F8452E3-D4E7-4542-8384-34BBC13DB871}.Debug|Any CPU.ActiveCfg = Debug|Any CPU
		{4F8452E3-D4E7-4542-8384-34BBC13DB871}.Debug|Any CPU.Build.0 = Debug|Any CPU
		{4F8452E3-D4E7-4542-8384-34BBC13DB871}.Debug|x64.ActiveCfg = Debug|Any CPU
		{4F8452E3-D4E7-4542-8384-34BBC13DB871}.Debug|x64.Build.0 = Debug|Any CPU
		{4F8452E3-D4E7-4542-8384-34BBC13DB871}.Debug|x86.ActiveCfg = Debug|Any CPU
		{4F8452E3-D4E7-4542-8384-34BBC13DB871}.Debug|x86.Build.0 = Debug|Any CPU
		{4F8452E3-D4E7-4542-8384-34BBC13DB871}.Release|Any CPU.ActiveCfg = Release|Any CPU
		{4F8452E3-D4E7-4542-8384-34BBC13DB871}.Release|Any CPU.Build.0 = Release|Any CPU
		{4F8452E3-D4E7-4542-8384-34BBC13DB871}.Release|x64.ActiveCfg = Release|Any CPU
		{4F8452E3-D4E7-4542-8384-34BBC13DB871}.Release|x64.Build.0 = Release|Any CPU
		{4F8452E3-D4E7-4542-8384-34BBC13DB871}.Release|x86.ActiveCfg = Release|Any CPU
		{4F8452E3-D4E7-4542-8384-34BBC13DB871}.Release|x86.Build.0 = Release|Any CPU
		{556AEF84-FECE-4B55-BBD3-1FE2100EE2F1}.Debug|Any CPU.ActiveCfg = Debug|Any CPU
		{556AEF84-FECE-4B55-BBD3-1FE2100EE2F1}.Debug|Any CPU.Build.0 = Debug|Any CPU
		{556AEF84-FECE-4B55-BBD3-1FE2100EE2F1}.Debug|x64.ActiveCfg = Debug|Any CPU
		{556AEF84-FECE-4B55-BBD3-1FE2100EE2F1}.Debug|x64.Build.0 = Debug|Any CPU
		{556AEF84-FECE-4B55-BBD3-1FE2100EE2F1}.Debug|x86.ActiveCfg = Debug|Any CPU
		{556AEF84-FECE-4B55-BBD3-1FE2100EE2F1}.Debug|x86.Build.0 = Debug|Any CPU
		{556AEF84-FECE-4B55-BBD3-1FE2100EE2F1}.Release|Any CPU.ActiveCfg = Release|Any CPU
		{556AEF84-FECE-4B55-BBD3-1FE2100EE2F1}.Release|Any CPU.Build.0 = Release|Any CPU
		{556AEF84-FECE-4B55-BBD3-1FE2100EE2F1}.Release|x64.ActiveCfg = Release|Any CPU
		{556AEF84-FECE-4B55-BBD3-1FE2100EE2F1}.Release|x64.Build.0 = Release|Any CPU
		{556AEF84-FECE-4B55-BBD3-1FE2100EE2F1}.Release|x86.ActiveCfg = Release|Any CPU
		{556AEF84-FECE-4B55-BBD3-1FE2100EE2F1}.Release|x86.Build.0 = Release|Any CPU
		{295AA451-1994-4479-A4C0-05FC7B3E82CE}.Debug|Any CPU.ActiveCfg = Debug|Any CPU
		{295AA451-1994-4479-A4C0-05FC7B3E82CE}.Debug|Any CPU.Build.0 = Debug|Any CPU
		{295AA451-1994-4479-A4C0-05FC7B3E82CE}.Debug|x64.ActiveCfg = Debug|Any CPU
		{295AA451-1994-4479-A4C0-05FC7B3E82CE}.Debug|x64.Build.0 = Debug|Any CPU
		{295AA451-1994-4479-A4C0-05FC7B3E82CE}.Debug|x86.ActiveCfg = Debug|Any CPU
		{295AA451-1994-4479-A4C0-05FC7B3E82CE}.Debug|x86.Build.0 = Debug|Any CPU
		{295AA451-1994-4479-A4C0-05FC7B3E82CE}.Release|Any CPU.ActiveCfg = Release|Any CPU
		{295AA451-1994-4479-A4C0-05FC7B3E82CE}.Release|Any CPU.Build.0 = Release|Any CPU
		{295AA451-1994-4479-A4C0-05FC7B3E82CE}.Release|x64.ActiveCfg = Release|Any CPU
		{295AA451-1994-4479-A4C0-05FC7B3E82CE}.Release|x64.Build.0 = Release|Any CPU
		{295AA451-1994-4479-A4C0-05FC7B3E82CE}.Release|x86.ActiveCfg = Release|Any CPU
		{295AA451-1994-4479-A4C0-05FC7B3E82CE}.Release|x86.Build.0 = Release|Any CPU
		{E73BB233-D88B-44A7-A98F-D71EE158381D}.Debug|Any CPU.ActiveCfg = Debug|Any CPU
		{E73BB233-D88B-44A7-A98F-D71EE158381D}.Debug|Any CPU.Build.0 = Debug|Any CPU
		{E73BB233-D88B-44A7-A98F-D71EE158381D}.Debug|x64.ActiveCfg = Debug|Any CPU
		{E73BB233-D88B-44A7-A98F-D71EE158381D}.Debug|x64.Build.0 = Debug|Any CPU
		{E73BB233-D88B-44A7-A98F-D71EE158381D}.Debug|x86.ActiveCfg = Debug|Any CPU
		{E73BB233-D88B-44A7-A98F-D71EE158381D}.Debug|x86.Build.0 = Debug|Any CPU
		{E73BB233-D88B-44A7-A98F-D71EE158381D}.Release|Any CPU.ActiveCfg = Release|Any CPU
		{E73BB233-D88B-44A7-A98F-D71EE158381D}.Release|Any CPU.Build.0 = Release|Any CPU
		{E73BB233-D88B-44A7-A98F-D71EE158381D}.Release|x64.ActiveCfg = Release|Any CPU
		{E73BB233-D88B-44A7-A98F-D71EE158381D}.Release|x64.Build.0 = Release|Any CPU
		{E73BB233-D88B-44A7-A98F-D71EE158381D}.Release|x86.ActiveCfg = Release|Any CPU
		{E73BB233-D88B-44A7-A98F-D71EE158381D}.Release|x86.Build.0 = Release|Any CPU
		{51653610-0611-4EA9-9B9C-9CCDE6A775C4}.Debug|Any CPU.ActiveCfg = Debug|Any CPU
		{51653610-0611-4EA9-9B9C-9CCDE6A775C4}.Debug|Any CPU.Build.0 = Debug|Any CPU
		{51653610-0611-4EA9-9B9C-9CCDE6A775C4}.Debug|x64.ActiveCfg = Debug|Any CPU
		{51653610-0611-4EA9-9B9C-9CCDE6A775C4}.Debug|x64.Build.0 = Debug|Any CPU
		{51653610-0611-4EA9-9B9C-9CCDE6A775C4}.Debug|x86.ActiveCfg = Debug|Any CPU
		{51653610-0611-4EA9-9B9C-9CCDE6A775C4}.Debug|x86.Build.0 = Debug|Any CPU
		{51653610-0611-4EA9-9B9C-9CCDE6A775C4}.Release|Any CPU.ActiveCfg = Release|Any CPU
		{51653610-0611-4EA9-9B9C-9CCDE6A775C4}.Release|Any CPU.Build.0 = Release|Any CPU
		{51653610-0611-4EA9-9B9C-9CCDE6A775C4}.Release|x64.ActiveCfg = Release|Any CPU
		{51653610-0611-4EA9-9B9C-9CCDE6A775C4}.Release|x64.Build.0 = Release|Any CPU
		{51653610-0611-4EA9-9B9C-9CCDE6A775C4}.Release|x86.ActiveCfg = Release|Any CPU
		{51653610-0611-4EA9-9B9C-9CCDE6A775C4}.Release|x86.Build.0 = Release|Any CPU
		{ADB63D5B-5E79-44B9-977F-55A93C79F4C6}.Debug|Any CPU.ActiveCfg = Debug|Any CPU
		{ADB63D5B-5E79-44B9-977F-55A93C79F4C6}.Debug|Any CPU.Build.0 = Debug|Any CPU
		{ADB63D5B-5E79-44B9-977F-55A93C79F4C6}.Debug|x64.ActiveCfg = Debug|Any CPU
		{ADB63D5B-5E79-44B9-977F-55A93C79F4C6}.Debug|x64.Build.0 = Debug|Any CPU
		{ADB63D5B-5E79-44B9-977F-55A93C79F4C6}.Debug|x86.ActiveCfg = Debug|Any CPU
		{ADB63D5B-5E79-44B9-977F-55A93C79F4C6}.Debug|x86.Build.0 = Debug|Any CPU
		{ADB63D5B-5E79-44B9-977F-55A93C79F4C6}.Release|Any CPU.ActiveCfg = Release|Any CPU
		{ADB63D5B-5E79-44B9-977F-55A93C79F4C6}.Release|Any CPU.Build.0 = Release|Any CPU
		{ADB63D5B-5E79-44B9-977F-55A93C79F4C6}.Release|x64.ActiveCfg = Release|Any CPU
		{ADB63D5B-5E79-44B9-977F-55A93C79F4C6}.Release|x64.Build.0 = Release|Any CPU
		{ADB63D5B-5E79-44B9-977F-55A93C79F4C6}.Release|x86.ActiveCfg = Release|Any CPU
		{ADB63D5B-5E79-44B9-977F-55A93C79F4C6}.Release|x86.Build.0 = Release|Any CPU
		{A590DD8A-7E1D-4E9B-BE13-979476EEB39E}.Debug|Any CPU.ActiveCfg = Debug|Any CPU
		{A590DD8A-7E1D-4E9B-BE13-979476EEB39E}.Debug|Any CPU.Build.0 = Debug|Any CPU
		{A590DD8A-7E1D-4E9B-BE13-979476EEB39E}.Debug|x64.ActiveCfg = Debug|Any CPU
		{A590DD8A-7E1D-4E9B-BE13-979476EEB39E}.Debug|x64.Build.0 = Debug|Any CPU
		{A590DD8A-7E1D-4E9B-BE13-979476EEB39E}.Debug|x86.ActiveCfg = Debug|Any CPU
		{A590DD8A-7E1D-4E9B-BE13-979476EEB39E}.Debug|x86.Build.0 = Debug|Any CPU
		{A590DD8A-7E1D-4E9B-BE13-979476EEB39E}.Release|Any CPU.ActiveCfg = Release|Any CPU
		{A590DD8A-7E1D-4E9B-BE13-979476EEB39E}.Release|Any CPU.Build.0 = Release|Any CPU
		{A590DD8A-7E1D-4E9B-BE13-979476EEB39E}.Release|x64.ActiveCfg = Release|Any CPU
		{A590DD8A-7E1D-4E9B-BE13-979476EEB39E}.Release|x64.Build.0 = Release|Any CPU
		{A590DD8A-7E1D-4E9B-BE13-979476EEB39E}.Release|x86.ActiveCfg = Release|Any CPU
		{A590DD8A-7E1D-4E9B-BE13-979476EEB39E}.Release|x86.Build.0 = Release|Any CPU
		{E8F5A26A-A93F-41D7-ABE3-A7E0BBF9466A}.Debug|Any CPU.ActiveCfg = Debug|Any CPU
		{E8F5A26A-A93F-41D7-ABE3-A7E0BBF9466A}.Debug|Any CPU.Build.0 = Debug|Any CPU
		{E8F5A26A-A93F-41D7-ABE3-A7E0BBF9466A}.Debug|x64.ActiveCfg = Debug|Any CPU
		{E8F5A26A-A93F-41D7-ABE3-A7E0BBF9466A}.Debug|x64.Build.0 = Debug|Any CPU
		{E8F5A26A-A93F-41D7-ABE3-A7E0BBF9466A}.Debug|x86.ActiveCfg = Debug|Any CPU
		{E8F5A26A-A93F-41D7-ABE3-A7E0BBF9466A}.Debug|x86.Build.0 = Debug|Any CPU
		{E8F5A26A-A93F-41D7-ABE3-A7E0BBF9466A}.Release|Any CPU.ActiveCfg = Release|Any CPU
		{E8F5A26A-A93F-41D7-ABE3-A7E0BBF9466A}.Release|Any CPU.Build.0 = Release|Any CPU
		{E8F5A26A-A93F-41D7-ABE3-A7E0BBF9466A}.Release|x64.ActiveCfg = Release|Any CPU
		{E8F5A26A-A93F-41D7-ABE3-A7E0BBF9466A}.Release|x64.Build.0 = Release|Any CPU
		{E8F5A26A-A93F-41D7-ABE3-A7E0BBF9466A}.Release|x86.ActiveCfg = Release|Any CPU
		{E8F5A26A-A93F-41D7-ABE3-A7E0BBF9466A}.Release|x86.Build.0 = Release|Any CPU
	EndGlobalSection
	GlobalSection(SolutionProperties) = preSolution
		HideSolutionNode = FALSE
	EndGlobalSection
	GlobalSection(NestedProjects) = preSolution
		{91658B4F-1804-4F13-AEDD-C11C23F022DC} = {A346CD36-7A2F-4650-B2D9-08172744F4A5}
		{AA0EAD13-7840-485A-954C-3181C190BCFF} = {16F7C507-50DF-4292-8869-06B2EA04E4BE}
		{4900F3DE-B986-4439-B728-6B25F1B9F102} = {16F7C507-50DF-4292-8869-06B2EA04E4BE}
		{84D49BA9-A2C6-4588-BDA7-A185E095EEF7} = {16F7C507-50DF-4292-8869-06B2EA04E4BE}
		{D3B3454F-7D7B-4F49-8E7A-7860DEC52E35} = {C1B3E441-1B7F-4322-8BFA-412BD6FD451E}
		{5B0A4FC2-16B9-47E2-93C1-4980BE7BD84D} = {A346CD36-7A2F-4650-B2D9-08172744F4A5}
		{76202F8D-3507-4B65-BCBF-CD620096902E} = {971BA129-9BF0-43A2-8E57-1DE6EAFAE653}
		{A5B748DF-9858-44B9-BE00-0B7F3786E3D1} = {C1B3E441-1B7F-4322-8BFA-412BD6FD451E}
		{8B049EC6-0ABD-4F2B-A1E8-46AE403D1598} = {C1B3E441-1B7F-4322-8BFA-412BD6FD451E}
		{351722D3-A250-45DA-92A7-6E33617C01FD} = {971BA129-9BF0-43A2-8E57-1DE6EAFAE653}
		{8D5D27A4-FD75-4FE8-9576-C2EC8635933E} = {A346CD36-7A2F-4650-B2D9-08172744F4A5}
		{4F8452E3-D4E7-4542-8384-34BBC13DB871} = {C1B3E441-1B7F-4322-8BFA-412BD6FD451E}
		{556AEF84-FECE-4B55-BBD3-1FE2100EE2F1} = {971BA129-9BF0-43A2-8E57-1DE6EAFAE653}
		{295AA451-1994-4479-A4C0-05FC7B3E82CE} = {971BA129-9BF0-43A2-8E57-1DE6EAFAE653}
		{E73BB233-D88B-44A7-A98F-D71EE158381D} = {14E0B3D3-5412-4507-8236-AF95D411D3BF}
		{51653610-0611-4EA9-9B9C-9CCDE6A775C4} = {26AD3B77-E1DA-40BE-AE28-F3CA21D59203}
		{ADB63D5B-5E79-44B9-977F-55A93C79F4C6} = {49F41838-CE25-423A-B40F-D1E053E3A71D}
		{49F41838-CE25-423A-B40F-D1E053E3A71D} = {26AD3B77-E1DA-40BE-AE28-F3CA21D59203}
		{A590DD8A-7E1D-4E9B-BE13-979476EEB39E} = {49F41838-CE25-423A-B40F-D1E053E3A71D}
		{E8F5A26A-A93F-41D7-ABE3-A7E0BBF9466A} = {14E0B3D3-5412-4507-8236-AF95D411D3BF}
	EndGlobalSection
EndGlobal
